
Microsoft Visual Studio Solution File, Format Version 12.00
# Visual Studio Version 18
VisualStudioVersion = 18.2.11415.280 d18.0
MinimumVisualStudioVersion = 10.0.40219.1
Project("{F184B08F-C81C-45F6-A57F-5ABD9991F28F}") = "BOJClientVB", "BOJClientVB.vbproj", "{8C13C775-8032-11D2-9A81-00A024B9323E}"
EndProject
Global
	GlobalSection(SolutionConfigurationPlatforms) = preSolution
		Debug|Any CPU = Debug|Any CPU
		Release|Any CPU = Release|Any CPU
	EndGlobalSection
	GlobalSection(ProjectConfigurationPlatforms) = postSolution
		{8C13C775-8032-11D2-9A81-00A024B9323E}.Debug|Any CPU.ActiveCfg = Debug|Any CPU
		{8C13C775-8032-11D2-9A81-00A024B9323E}.Debug|Any CPU.Build.0 = Debug|Any CPU
		{8C13C775-8032-11D2-9A81-00A024B9323E}.Release|Any CPU.ActiveCfg = Release|Any CPU
		{8C13C775-8032-11D2-9A81-00A024B9323E}.Release|Any CPU.Build.0 = Release|Any CPU
	EndGlobalSection
	GlobalSection(SolutionProperties) = preSolution
		HideSolutionNode = FALSE
	EndGlobalSection
	GlobalSection(ExtensibilityGlobals) = postSolution
		SolutionGuid = {9E2E0944-2385-49F3-B6AB-073199CAC58A}
	EndGlobalSection
EndGlobal
